
Microsoft Visual Studio Solution File, Format Version 12.00
# Visual Studio Version 17
VisualStudioVersion = 17.4.33205.214
MinimumVisualStudioVersion = 10.0.40219.1
Project("{9A19103F-16F7-4668-BE54-9A1E7A4F7556}") = "ventasPymes.api", "ventasPymes.api\ventasPymes.api.csproj", "{6FAE9BDA-29DF-4434-B454-877B6455D25A}"
EndProject
Project("{FAE04EC0-301F-11D3-BF4B-00C04F79EFBC}") = "ventasPymesClient", "ventasPymesClient\ventasPymesClient.csproj", "{F6892773-B73C-45A1-933C-09F1769FE124}"
EndProject
Global
	GlobalSection(SolutionConfigurationPlatforms) = preSolution
		Debug|Any CPU = Debug|Any CPU
		Release|Any CPU = Release|Any CPU
	EndGlobalSection
	GlobalSection(ProjectConfigurationPlatforms) = postSolution
		{6FAE9BDA-29DF-4434-B454-877B6455D25A}.Debug|Any CPU.ActiveCfg = Debug|Any CPU
		{6FAE9BDA-29DF-4434-B454-877B6455D25A}.Debug|Any CPU.Build.0 = Debug|Any CPU
		{6FAE9BDA-29DF-4434-B454-877B6455D25A}.Release|Any CPU.ActiveCfg = Release|Any CPU
		{6FAE9BDA-29DF-4434-B454-877B6455D25A}.Release|Any CPU.Build.0 = Release|Any CPU
		{F6892773-B73C-45A1-933C-09F1769FE124}.Debug|Any CPU.ActiveCfg = Debug|Any CPU
		{F6892773-B73C-45A1-933C-09F1769FE124}.Debug|Any CPU.Build.0 = Debug|Any CPU
		{F6892773-B73C-45A1-933C-09F1769FE124}.Release|Any CPU.ActiveCfg = Release|Any CPU
		{F6892773-B73C-45A1-933C-09F1769FE124}.Release|Any CPU.Build.0 = Release|Any CPU
	EndGlobalSection
	GlobalSection(SolutionProperties) = preSolution
		HideSolutionNode = FALSE
	EndGlobalSection
	GlobalSection(ExtensibilityGlobals) = postSolution
		SolutionGuid = {039A2003-E336-4C7E-8FCD-B23FF6D377E6}
	EndGlobalSection
EndGlobal
