
Microsoft Visual Studio Solution File, Format Version 12.00
# Visual Studio Version 17
VisualStudioVersion = 17.4.33205.214
MinimumVisualStudioVersion = 10.0.40219.1
Project("{FAE04EC0-301F-11D3-BF4B-00C04F79EFBC}") = "NucleoEV", "STEVED\NucleoEV.csproj", "{63C11293-5AAF-4C3A-963D-F0848F38E623}"
EndProject
Project("{FAE04EC0-301F-11D3-BF4B-00C04F79EFBC}") = "MyUI", "MyUI\MyUI.csproj", "{1727494A-E98F-4D92-BB40-3B6CBE4FC926}"
EndProject
Project("{FAE04EC0-301F-11D3-BF4B-00C04F79EFBC}") = "RestClient", "..\..\..\Virtual Machine\STEVED\RestClient\RestClient.csproj", "{C0789378-CB8F-4121-B98A-F9DEA0808EB3}"
EndProject
Project("{FAE04EC0-301F-11D3-BF4B-00C04F79EFBC}") = "ExternalSystem", "ExternalSystem\ExternalSystem.csproj", "{5EA533CF-44CF-4D62-8F48-51BECD52C334}"
EndProject
Global
	GlobalSection(SolutionConfigurationPlatforms) = preSolution
		Debug|Any CPU = Debug|Any CPU
		Release|Any CPU = Release|Any CPU
	EndGlobalSection
	GlobalSection(ProjectConfigurationPlatforms) = postSolution
		{63C11293-5AAF-4C3A-963D-F0848F38E623}.Debug|Any CPU.ActiveCfg = Debug|Any CPU
		{63C11293-5AAF-4C3A-963D-F0848F38E623}.Debug|Any CPU.Build.0 = Debug|Any CPU
		{63C11293-5AAF-4C3A-963D-F0848F38E623}.Release|Any CPU.ActiveCfg = Release|Any CPU
		{63C11293-5AAF-4C3A-963D-F0848F38E623}.Release|Any CPU.Build.0 = Release|Any CPU
		{1727494A-E98F-4D92-BB40-3B6CBE4FC926}.Debug|Any CPU.ActiveCfg = Debug|Any CPU
		{1727494A-E98F-4D92-BB40-3B6CBE4FC926}.Debug|Any CPU.Build.0 = Debug|Any CPU
		{1727494A-E98F-4D92-BB40-3B6CBE4FC926}.Release|Any CPU.ActiveCfg = Release|Any CPU
		{1727494A-E98F-4D92-BB40-3B6CBE4FC926}.Release|Any CPU.Build.0 = Release|Any CPU
		{C0789378-CB8F-4121-B98A-F9DEA0808EB3}.Debug|Any CPU.ActiveCfg = Debug|Any CPU
		{C0789378-CB8F-4121-B98A-F9DEA0808EB3}.Debug|Any CPU.Build.0 = Debug|Any CPU
		{C0789378-CB8F-4121-B98A-F9DEA0808EB3}.Release|Any CPU.ActiveCfg = Release|Any CPU
		{C0789378-CB8F-4121-B98A-F9DEA0808EB3}.Release|Any CPU.Build.0 = Release|Any CPU
		{5EA533CF-44CF-4D62-8F48-51BECD52C334}.Debug|Any CPU.ActiveCfg = Debug|Any CPU
		{5EA533CF-44CF-4D62-8F48-51BECD52C334}.Debug|Any CPU.Build.0 = Debug|Any CPU
		{5EA533CF-44CF-4D62-8F48-51BECD52C334}.Release|Any CPU.ActiveCfg = Release|Any CPU
		{5EA533CF-44CF-4D62-8F48-51BECD52C334}.Release|Any CPU.Build.0 = Release|Any CPU
	EndGlobalSection
	GlobalSection(SolutionProperties) = preSolution
		HideSolutionNode = FALSE
	EndGlobalSection
	GlobalSection(ExtensibilityGlobals) = postSolution
		SolutionGuid = {336B2B0F-1B80-4471-B99F-12915A901A8A}
	EndGlobalSection
EndGlobal
